
Microsoft Visual Studio Solution File, Format Version 12.00
# Visual Studio Version 17
VisualStudioVersion = 17.4.33122.133
MinimumVisualStudioVersion = 10.0.40219.1
Project("{9A19103F-16F7-4668-BE54-9A1E7A4F7556}") = "EDDNClient", "EDDNClient\EDDNClient.csproj", "{59C0FA8E-3362-422D-990B-3B1C789BFC6F}"
EndProject
Project("{9A19103F-16F7-4668-BE54-9A1E7A4F7556}") = "EDDatabase", "EDDatabase\EDDatabase.csproj", "{AF7810DB-7629-422A-81D5-D76E32669387}"
EndProject
Project("{9A19103F-16F7-4668-BE54-9A1E7A4F7556}") = "EDDataProcessor", "EDDataProcessor\EDDataProcessor.csproj", "{D71CB469-E332-4E74-B702-DB300705B97F}"
EndProject
Project("{9A19103F-16F7-4668-BE54-9A1E7A4F7556}") = "Messages", "Messages\Messages.csproj", "{60786FD9-C118-4AF2-B945-3CFF83EA7B8D}"
EndProject
Project("{9A19103F-16F7-4668-BE54-9A1E7A4F7556}") = "EDOverwatch", "EDOverwatch\EDOverwatch.csproj", "{E678A1A4-3A3D-4609-B1AB-7195B1F1F0CA}"
EndProject
Project("{9A19103F-16F7-4668-BE54-9A1E7A4F7556}") = "EDOverwatch Web", "EDOverwatch Web\EDOverwatch Web.csproj", "{9D44A539-7DF7-4D07-A2D1-F074AF5FDE11}"
EndProject
Project("{9A19103F-16F7-4668-BE54-9A1E7A4F7556}") = "EDUtils", "EDUtils\EDUtils.csproj", "{35341475-F236-4C4B-B628-BFDF8ABCA9A0}"
EndProject
Project("{9A19103F-16F7-4668-BE54-9A1E7A4F7556}") = "EDCApi", "EDCApi\EDCApi.csproj", "{DCF2C769-5A3D-456C-B95B-669201858539}"
EndProject
Project("{9A19103F-16F7-4668-BE54-9A1E7A4F7556}") = "DCoHTrackerDiscordBot", "DCoHTrackerDiscordBot\DCoHTrackerDiscordBot.csproj", "{A5AA2B52-09BB-424C-8FA1-F79219BE0BB4}"
EndProject
Project("{9A19103F-16F7-4668-BE54-9A1E7A4F7556}") = "EDSystemProgress", "EDSystemProgress\EDSystemProgress.csproj", "{BC932E6E-ACF9-4A3F-83C7-1487FC27E415}"
EndProject
Project("{9A19103F-16F7-4668-BE54-9A1E7A4F7556}") = "EDSystemProgressTest", "EDSystemProgressTest\EDSystemProgressTest.csproj", "{C0DEB92A-0B35-447A-B501-BDB97D7BEBEE}"
EndProject
Project("{9A19103F-16F7-4668-BE54-9A1E7A4F7556}") = "EDOverwatchWeeklyReset", "EDOverwatchWeeklyReset\EDOverwatchWeeklyReset.csproj", "{4B1B07A1-E43F-4874-AD52-58A86CBF3960}"
EndProject
Project("{9A19103F-16F7-4668-BE54-9A1E7A4F7556}") = "EDDataProcessorJournalTest", "EDDataProcessorJournalTest\EDDataProcessorJournalTest.csproj", "{9CF628BF-F2B2-4C19-AE05-F57D0690BC2B}"
EndProject
Project("{9A19103F-16F7-4668-BE54-9A1E7A4F7556}") = "EDOverwatchAlertPrediction", "EDOverwatchAlertPrediction\EDOverwatchAlertPrediction.csproj", "{9199C363-B4F8-434A-B94A-925CAF9A01AF}"
EndProject
Project("{9A19103F-16F7-4668-BE54-9A1E7A4F7556}") = "EDOverwatchAlertPredictionApp", "EDOverwatchAlertPredictionApp\EDOverwatchAlertPredictionApp.csproj", "{D1C864CD-831B-4E10-84AA-82C49839652F}"
EndProject
Project("{FAE04EC0-301F-11D3-BF4B-00C04F79EFBC}") = "EDWarProgressRequirements", "EDWarProgressRequirements\EDWarProgressRequirements.csproj", "{4AE52469-376D-48D8-984D-182D857F78C2}"
EndProject
Project("{FAE04EC0-301F-11D3-BF4B-00C04F79EFBC}") = "EDWarProgressRequirementsTest", "EDWarProgressRequirementsTest\EDWarProgressRequirementsTest.csproj", "{60960165-CF0E-4CFC-9177-8103700F67C2}"
EndProject
Global
	GlobalSection(SolutionConfigurationPlatforms) = preSolution
		Debug|Any CPU = Debug|Any CPU
		Release|Any CPU = Release|Any CPU
	EndGlobalSection
	GlobalSection(ProjectConfigurationPlatforms) = postSolution
		{59C0FA8E-3362-422D-990B-3B1C789BFC6F}.Debug|Any CPU.ActiveCfg = Debug|Any CPU
		{59C0FA8E-3362-422D-990B-3B1C789BFC6F}.Debug|Any CPU.Build.0 = Debug|Any CPU
		{59C0FA8E-3362-422D-990B-3B1C789BFC6F}.Release|Any CPU.ActiveCfg = Release|Any CPU
		{59C0FA8E-3362-422D-990B-3B1C789BFC6F}.Release|Any CPU.Build.0 = Release|Any CPU
		{AF7810DB-7629-422A-81D5-D76E32669387}.Debug|Any CPU.ActiveCfg = Debug|Any CPU
		{AF7810DB-7629-422A-81D5-D76E32669387}.Debug|Any CPU.Build.0 = Debug|Any CPU
		{AF7810DB-7629-422A-81D5-D76E32669387}.Release|Any CPU.ActiveCfg = Release|Any CPU
		{AF7810DB-7629-422A-81D5-D76E32669387}.Release|Any CPU.Build.0 = Release|Any CPU
		{D71CB469-E332-4E74-B702-DB300705B97F}.Debug|Any CPU.ActiveCfg = Debug|Any CPU
		{D71CB469-E332-4E74-B702-DB300705B97F}.Debug|Any CPU.Build.0 = Debug|Any CPU
		{D71CB469-E332-4E74-B702-DB300705B97F}.Release|Any CPU.ActiveCfg = Release|Any CPU
		{D71CB469-E332-4E74-B702-DB300705B97F}.Release|Any CPU.Build.0 = Release|Any CPU
		{60786FD9-C118-4AF2-B945-3CFF83EA7B8D}.Debug|Any CPU.ActiveCfg = Debug|Any CPU
		{60786FD9-C118-4AF2-B945-3CFF83EA7B8D}.Debug|Any CPU.Build.0 = Debug|Any CPU
		{60786FD9-C118-4AF2-B945-3CFF83EA7B8D}.Release|Any CPU.ActiveCfg = Release|Any CPU
		{60786FD9-C118-4AF2-B945-3CFF83EA7B8D}.Release|Any CPU.Build.0 = Release|Any CPU
		{E678A1A4-3A3D-4609-B1AB-7195B1F1F0CA}.Debug|Any CPU.ActiveCfg = Debug|Any CPU
		{E678A1A4-3A3D-4609-B1AB-7195B1F1F0CA}.Debug|Any CPU.Build.0 = Debug|Any CPU
		{E678A1A4-3A3D-4609-B1AB-7195B1F1F0CA}.Release|Any CPU.ActiveCfg = Release|Any CPU
		{E678A1A4-3A3D-4609-B1AB-7195B1F1F0CA}.Release|Any CPU.Build.0 = Release|Any CPU
		{9D44A539-7DF7-4D07-A2D1-F074AF5FDE11}.Debug|Any CPU.ActiveCfg = Debug|Any CPU
		{9D44A539-7DF7-4D07-A2D1-F074AF5FDE11}.Debug|Any CPU.Build.0 = Debug|Any CPU
		{9D44A539-7DF7-4D07-A2D1-F074AF5FDE11}.Release|Any CPU.ActiveCfg = Release|Any CPU
		{9D44A539-7DF7-4D07-A2D1-F074AF5FDE11}.Release|Any CPU.Build.0 = Release|Any CPU
		{35341475-F236-4C4B-B628-BFDF8ABCA9A0}.Debug|Any CPU.ActiveCfg = Debug|Any CPU
		{35341475-F236-4C4B-B628-BFDF8ABCA9A0}.Debug|Any CPU.Build.0 = Debug|Any CPU
		{35341475-F236-4C4B-B628-BFDF8ABCA9A0}.Release|Any CPU.ActiveCfg = Release|Any CPU
		{35341475-F236-4C4B-B628-BFDF8ABCA9A0}.Release|Any CPU.Build.0 = Release|Any CPU
		{DCF2C769-5A3D-456C-B95B-669201858539}.Debug|Any CPU.ActiveCfg = Debug|Any CPU
		{DCF2C769-5A3D-456C-B95B-669201858539}.Debug|Any CPU.Build.0 = Debug|Any CPU
		{DCF2C769-5A3D-456C-B95B-669201858539}.Release|Any CPU.ActiveCfg = Release|Any CPU
		{DCF2C769-5A3D-456C-B95B-669201858539}.Release|Any CPU.Build.0 = Release|Any CPU
		{A5AA2B52-09BB-424C-8FA1-F79219BE0BB4}.Debug|Any CPU.ActiveCfg = Debug|Any CPU
		{A5AA2B52-09BB-424C-8FA1-F79219BE0BB4}.Debug|Any CPU.Build.0 = Debug|Any CPU
		{A5AA2B52-09BB-424C-8FA1-F79219BE0BB4}.Release|Any CPU.ActiveCfg = Release|Any CPU
		{A5AA2B52-09BB-424C-8FA1-F79219BE0BB4}.Release|Any CPU.Build.0 = Release|Any CPU
		{BC932E6E-ACF9-4A3F-83C7-1487FC27E415}.Debug|Any CPU.ActiveCfg = Debug|Any CPU
		{BC932E6E-ACF9-4A3F-83C7-1487FC27E415}.Debug|Any CPU.Build.0 = Debug|Any CPU
		{BC932E6E-ACF9-4A3F-83C7-1487FC27E415}.Release|Any CPU.ActiveCfg = Release|Any CPU
		{BC932E6E-ACF9-4A3F-83C7-1487FC27E415}.Release|Any CPU.Build.0 = Release|Any CPU
		{C0DEB92A-0B35-447A-B501-BDB97D7BEBEE}.Debug|Any CPU.ActiveCfg = Debug|Any CPU
		{C0DEB92A-0B35-447A-B501-BDB97D7BEBEE}.Debug|Any CPU.Build.0 = Debug|Any CPU
		{C0DEB92A-0B35-447A-B501-BDB97D7BEBEE}.Release|Any CPU.ActiveCfg = Release|Any CPU
		{C0DEB92A-0B35-447A-B501-BDB97D7BEBEE}.Release|Any CPU.Build.0 = Release|Any CPU
		{4B1B07A1-E43F-4874-AD52-58A86CBF3960}.Debug|Any CPU.ActiveCfg = Debug|Any CPU
		{4B1B07A1-E43F-4874-AD52-58A86CBF3960}.Debug|Any CPU.Build.0 = Debug|Any CPU
		{4B1B07A1-E43F-4874-AD52-58A86CBF3960}.Release|Any CPU.ActiveCfg = Release|Any CPU
		{4B1B07A1-E43F-4874-AD52-58A86CBF3960}.Release|Any CPU.Build.0 = Release|Any CPU
		{9CF628BF-F2B2-4C19-AE05-F57D0690BC2B}.Debug|Any CPU.ActiveCfg = Debug|Any CPU
		{9CF628BF-F2B2-4C19-AE05-F57D0690BC2B}.Debug|Any CPU.Build.0 = Debug|Any CPU
		{9CF628BF-F2B2-4C19-AE05-F57D0690BC2B}.Release|Any CPU.ActiveCfg = Release|Any CPU
		{9CF628BF-F2B2-4C19-AE05-F57D0690BC2B}.Release|Any CPU.Build.0 = Release|Any CPU
		{9199C363-B4F8-434A-B94A-925CAF9A01AF}.Debug|Any CPU.ActiveCfg = Debug|Any CPU
		{9199C363-B4F8-434A-B94A-925CAF9A01AF}.Debug|Any CPU.Build.0 = Debug|Any CPU
		{9199C363-B4F8-434A-B94A-925CAF9A01AF}.Release|Any CPU.ActiveCfg = Release|Any CPU
		{9199C363-B4F8-434A-B94A-925CAF9A01AF}.Release|Any CPU.Build.0 = Release|Any CPU
		{D1C864CD-831B-4E10-84AA-82C49839652F}.Debug|Any CPU.ActiveCfg = Debug|Any CPU
		{D1C864CD-831B-4E10-84AA-82C49839652F}.Debug|Any CPU.Build.0 = Debug|Any CPU
		{D1C864CD-831B-4E10-84AA-82C49839652F}.Release|Any CPU.ActiveCfg = Release|Any CPU
		{D1C864CD-831B-4E10-84AA-82C49839652F}.Release|Any CPU.Build.0 = Release|Any CPU
		{4AE52469-376D-48D8-984D-182D857F78C2}.Debug|Any CPU.ActiveCfg = Debug|Any CPU
		{4AE52469-376D-48D8-984D-182D857F78C2}.Debug|Any CPU.Build.0 = Debug|Any CPU
		{4AE52469-376D-48D8-984D-182D857F78C2}.Release|Any CPU.ActiveCfg = Release|Any CPU
		{4AE52469-376D-48D8-984D-182D857F78C2}.Release|Any CPU.Build.0 = Release|Any CPU
		{60960165-CF0E-4CFC-9177-8103700F67C2}.Debug|Any CPU.ActiveCfg = Debug|Any CPU
		{60960165-CF0E-4CFC-9177-8103700F67C2}.Debug|Any CPU.Build.0 = Debug|Any CPU
		{60960165-CF0E-4CFC-9177-8103700F67C2}.Release|Any CPU.ActiveCfg = Release|Any CPU
		{60960165-CF0E-4CFC-9177-8103700F67C2}.Release|Any CPU.Build.0 = Release|Any CPU
	EndGlobalSection
	GlobalSection(SolutionProperties) = preSolution
		HideSolutionNode = FALSE
	EndGlobalSection
	GlobalSection(ExtensibilityGlobals) = postSolution
		SolutionGuid = {237B1426-9056-43E8-816E-C15038D93A2C}
	EndGlobalSection
EndGlobal
